Microsoft Visual Studio Solution File, Format Version 12.00
# Visual Studio Version 16
VisualStudioVersion = 16.0.28701.123
MinimumVisualStudioVersion = 10.0.40219.1
Project("{FAE04EC0-301F-11D3-BF4B-00C04F79EFBC}") = "Test.CSF.Configuration", "Test.CSF.Configuration\Test.CSF.Configuration.csproj", "{11DCF35A-6E2A-4C62-B536-14B83FF5AE07}"
EndProject
Project("{FAE04EC0-301F-11D3-BF4B-00C04F79EFBC}") = "CSF.Configuration", "CSF.Configuration\CSF.Configuration.csproj", "{8C570A26-CEEB-45D1-9436-745C8DBAE9D8}"
EndProject
Global
	GlobalSection(SolutionConfigurationPlatforms) = preSolution
		Debug|Any CPU = Debug|Any CPU
		Release|Any CPU = Release|Any CPU
	EndGlobalSection
	GlobalSection(ProjectConfigurationPlatforms) = postSolution
		{11DCF35A-6E2A-4C62-B536-14B83FF5AE07}.Debug|Any CPU.ActiveCfg = Debug|Any CPU
		{11DCF35A-6E2A-4C62-B536-14B83FF5AE07}.Debug|Any CPU.Build.0 = Debug|Any CPU
		{11DCF35A-6E2A-4C62-B536-14B83FF5AE07}.Release|Any CPU.ActiveCfg = Release|Any CPU
		{11DCF35A-6E2A-4C62-B536-14B83FF5AE07}.Release|Any CPU.Build.0 = Release|Any CPU
		{8C570A26-CEEB-45D1-9436-745C8DBAE9D8}.Debug|Any CPU.ActiveCfg = Debug|Any CPU
		{8C570A26-CEEB-45D1-9436-745C8DBAE9D8}.Debug|Any CPU.Build.0 = Debug|Any CPU
		{8C570A26-CEEB-45D1-9436-745C8DBAE9D8}.Release|Any CPU.ActiveCfg = Release|Any CPU
		{8C570A26-CEEB-45D1-9436-745C8DBAE9D8}.Release|Any CPU.Build.0 = Release|Any CPU
	EndGlobalSection
EndGlobal
